
Microsoft Visual Studio Solution File, Format Version 12.00
# Visual Studio Version 16
VisualStudioVersion = 16.0.30225.117
MinimumVisualStudioVersion = 10.0.40219.1
Project("{8BC9CEB8-8B4A-11D0-8D11-00A0C91BC942}") = "stack", "interview\stack\stack\stack.vcxproj", "{80501E9F-9BE6-4F0D-BC81-D140AF8DC8BA}"
EndProject
Project("{8BC9CEB8-8B4A-11D0-8D11-00A0C91BC942}") = "max_subArray", "max_subArray\max_subArray.vcxproj", "{2DA9B7B4-AB93-4D4C-BFC9-5E435742B9FF}"
EndProject
Project("{8BC9CEB8-8B4A-11D0-8D11-00A0C91BC942}") = "Reverse", "Reverse\Reverse.vcxproj", "{085BF8EB-7443-4DA9-BE51-81794014C491}"
EndProject
Project("{8BC9CEB8-8B4A-11D0-8D11-00A0C91BC942}") = "FindKLeastNumbers", "FindKLeastNumbers\FindKLeastNumbers.vcxproj", "{E9A44FED-87E7-4C55-A6DA-C506E227843F}"
EndProject
Project("{8BC9CEB8-8B4A-11D0-8D11-00A0C91BC942}") = "string_to_int", "string_to_int\string_to_int.vcxproj", "{41C9F97B-EE8D-4DEE-A70E-640060D698F3}"
EndProject
Project("{8BC9CEB8-8B4A-11D0-8D11-00A0C91BC942}") = "reverse_list", "reverse_list\reverse_list.vcxproj", "{8B73C2DC-1F46-414B-A15B-43582192B355}"
EndProject
Project("{8BC9CEB8-8B4A-11D0-8D11-00A0C91BC942}") = "string", "string\string.vcxproj", "{0229BDEF-95C1-419E-94F8-44243D7993AF}"
EndProject
Project("{8BC9CEB8-8B4A-11D0-8D11-00A0C91BC942}") = "BigNumber", "BigNumber\BigNumber.vcxproj", "{B699703B-9889-4193-A2A5-3D00AA75FE2E}"
EndProject
Project("{8BC9CEB8-8B4A-11D0-8D11-00A0C91BC942}") = "tree", "tree\tree.vcxproj", "{8B2BA1DD-5FEE-4CE9-8EFC-F64A296B4DCF}"
EndProject
Project("{8BC9CEB8-8B4A-11D0-8D11-00A0C91BC942}") = "LCSTest", "LCSTest\LCSTest.vcxproj", "{D6B35322-ADF4-4684-A1CB-1A088270EC5A}"
EndProject
Project("{8BC9CEB8-8B4A-11D0-8D11-00A0C91BC942}") = "IpToInt", "IpToInt\IpToInt.vcxproj", "{8644CAA5-A0CC-41C3-B684-976440BDA919}"
EndProject
Project("{8BC9CEB8-8B4A-11D0-8D11-00A0C91BC942}") = "inherit", "inherit\inherit.vcxproj", "{DC85822D-13AB-4694-B63B-EB6F82C7143C}"
EndProject
Project("{8BC9CEB8-8B4A-11D0-8D11-00A0C91BC942}") = "pointer", "pointer\pointer.vcxproj", "{962AD1D7-B45E-4B4D-BA35-384CEED76679}"
EndProject
Project("{8BC9CEB8-8B4A-11D0-8D11-00A0C91BC942}") = "move_zero", "move_zero\move_zero.vcxproj", "{01DB6B6A-547E-4578-B0DE-7601048BED71}"
EndProject
Project("{8BC9CEB8-8B4A-11D0-8D11-00A0C91BC942}") = "fibonacci", "fibonacci\fibonacci.vcxproj", "{4C408D04-102A-4C6D-87D8-84D0CEA3D66D}"
EndProject
Project("{8BC9CEB8-8B4A-11D0-8D11-00A0C91BC942}") = "class", "class\class.vcxproj", "{F1D86A95-F450-4201-9979-0C02CD731DF3}"
EndProject
Project("{8BC9CEB8-8B4A-11D0-8D11-00A0C91BC942}") = "epoll", "epoll\epoll.vcxproj", "{0892578B-3371-4366-9F7E-D5EDED142156}"
EndProject
Project("{8BC9CEB8-8B4A-11D0-8D11-00A0C91BC942}") = "smart_point", "smart_point\smart_point.vcxproj", "{655E2B87-4A32-43D1-ABAC-9491AA4B4525}"
EndProject
Project("{8BC9CEB8-8B4A-11D0-8D11-00A0C91BC942}") = "reverseList", "reverseList\reverseList.vcxproj", "{D914ECB3-5E24-4CEA-AF0B-766F8B1CF931}"
EndProject
Project("{8BC9CEB8-8B4A-11D0-8D11-00A0C91BC942}") = "blocking_queue", "blocking_queue\blocking_queue.vcxproj", "{14112D35-B90B-4098-91FD-235C960B170A}"
EndProject
Project("{8BC9CEB8-8B4A-11D0-8D11-00A0C91BC942}") = "graph", "graph\graph.vcxproj", "{B1792534-7C96-42E8-8F98-58545496DE70}"
EndProject
Project("{8BC9CEB8-8B4A-11D0-8D11-00A0C91BC942}") = "promise", "demo\demo.vcxproj", "{202583A2-3044-4127-8CEC-6C0457BCF85B}"
EndProject
Project("{8BC9CEB8-8B4A-11D0-8D11-00A0C91BC942}") = "no_duplicate_substrings", "no_duplicate_substrings\no_duplicate_substrings.vcxproj", "{2F1A7FEB-5EBA-4129-BCBB-624E7884DAA0}"
EndProject
Project("{8BC9CEB8-8B4A-11D0-8D11-00A0C91BC942}") = "replace_string", "replace_string\replace_string.vcxproj", "{A2199E8D-0861-4775-AC7E-7233082F55E5}"
EndProject
Project("{8BC9CEB8-8B4A-11D0-8D11-00A0C91BC942}") = "dynamic_最大子序列和", "dynamic_最大子序列和\dynamic_最大子序列和.vcxproj", "{76AFEACE-A453-48F9-A417-748ACFFA3DCB}"
EndProject
Project("{8BC9CEB8-8B4A-11D0-8D11-00A0C91BC942}") = "leetcode", "leetcode-two-sum\leetcode-two-sum.vcxproj", "{993B28B6-783F-45A5-8D77-7B1AE11A1054}"
EndProject
Project("{8BC9CEB8-8B4A-11D0-8D11-00A0C91BC942}") = "chrono", "chrono\chrono.vcxproj", "{B5957FE6-9646-4FF6-B5AA-E69E49EB701F}"
EndProject
Project("{8BC9CEB8-8B4A-11D0-8D11-00A0C91BC942}") = "矩阵最短路径", "矩阵最短路径\矩阵最短路径.vcxproj", "{F59222AA-CC8E-4C3B-B406-779779D9058D}"
EndProject
Project("{8BC9CEB8-8B4A-11D0-8D11-00A0C91BC942}") = "quickSort", "quickSort\quickSort.vcxproj", "{D21E6C41-3C36-421D-AC9A-DD255B8ACB05}"
EndProject
Project("{8BC9CEB8-8B4A-11D0-8D11-00A0C91BC942}") = "minPathSum", "minPathSum\minPathSum.vcxproj", "{307F32D5-657F-4676-97F3-922802BACE21}"
EndProject
Project("{8BC9CEB8-8B4A-11D0-8D11-00A0C91BC942}") = "sortColors", "sortColors\sortColors.vcxproj", "{388D4B05-B2EB-40D7-A588-47D351308328}"
EndProject
Project("{8BC9CEB8-8B4A-11D0-8D11-00A0C91BC942}") = "temperatures", "temperatures\temperatures.vcxproj", "{7FB7550E-977B-46E1-A48A-987E1092F96A}"
EndProject
Project("{8BC9CEB8-8B4A-11D0-8D11-00A0C91BC942}") = "Graph_", "Graph_\Graph_.vcxproj", "{A73173C0-4FA0-4DE0-8A26-3D764F4E787C}"
EndProject
Project("{8BC9CEB8-8B4A-11D0-8D11-00A0C91BC942}") = "迷宫", "迷宫\迷宫.vcxproj", "{1835DCA6-FFDF-4C32-BBDE-A538847512B6}"
EndProject
Project("{8BC9CEB8-8B4A-11D0-8D11-00A0C91BC942}") = "搜索单词", "搜索单词\搜索单词.vcxproj", "{69560039-DAC8-4287-83FC-8BC4A19F5973}"
EndProject
Project("{8BC9CEB8-8B4A-11D0-8D11-00A0C91BC942}") = "tree_to_list", "tree_to_list\tree_to_list.vcxproj", "{F151CABB-7CDE-4A88-905D-5C0F7645C708}"
EndProject
Project("{8BC9CEB8-8B4A-11D0-8D11-00A0C91BC942}") = "test_demo", "test_demo\test_demo.vcxproj", "{2DA0FDD0-92E8-463A-B002-B43B4F73ED05}"
EndProject
Project("{8BC9CEB8-8B4A-11D0-8D11-00A0C91BC942}") = "最少完美平方根", "最少完美平方根\最少完美平方根.vcxproj", "{D270EFB3-8CB4-4B8C-9637-86F9F1E3A497}"
EndProject
Project("{8BC9CEB8-8B4A-11D0-8D11-00A0C91BC942}") = "mergeTwoLists", "listSort\listSort.vcxproj", "{321A7183-DFEC-4925-B226-4C27C308F6EF}"
EndProject
Project("{8BC9CEB8-8B4A-11D0-8D11-00A0C91BC942}") = "Permutation", "Permutation\Permutation.vcxproj", "{17835753-E070-4C3B-89DD-F5092493217E}"
EndProject
Project("{8BC9CEB8-8B4A-11D0-8D11-00A0C91BC942}") = "palindrome(回文", "palindrome(回文\palindrome(回文.vcxproj", "{C388FDBC-40DA-4AD1-8019-E16316EA3E9B}"
EndProject
Project("{8BC9CEB8-8B4A-11D0-8D11-00A0C91BC942}") = "uniquePaths-总共有多少不同路径", "uniquePaths-总共有多少不同路径\uniquePaths-总共有多少不同路径.vcxproj", "{221AB4D5-A856-47AA-8F9E-95A0C96776B8}"
EndProject
Project("{8BC9CEB8-8B4A-11D0-8D11-00A0C91BC942}") = "searchRange(有序数组查找target", "searchRange(有序数组查找target\searchRange(有序数组查找target.vcxproj", "{CD87BA81-AFBF-4D54-B3FE-03A26F2519D3}"
EndProject
Project("{8BC9CEB8-8B4A-11D0-8D11-00A0C91BC942}") = "树的右视图", "树的右视图\树的右视图.vcxproj", "{F24AD3B0-7767-4DE5-846F-1899FB474832}"
EndProject
Project("{8BC9CEB8-8B4A-11D0-8D11-00A0C91BC942}") = "对称二叉树", "对称二叉树.cpp\对称二叉树.cpp.vcxproj", "{05A550F3-488E-401B-A95D-A0E0D0A958D3}"
EndProject
Project("{8BC9CEB8-8B4A-11D0-8D11-00A0C91BC942}") = "最长回文子串", "最长回文子串\最长回文子串.vcxproj", "{9E4AABA5-428E-47D5-8F6B-DFC6CF1C115F}"
EndProject
Project("{8BC9CEB8-8B4A-11D0-8D11-00A0C91BC942}") = "thread_local", "thread_local\thread_local.vcxproj", "{EA87DEB2-8ACF-449A-A032-8B3195BC2E40}"
EndProject
Project("{8BC9CEB8-8B4A-11D0-8D11-00A0C91BC942}") = "全排列", "全排列\全排列.vcxproj", "{FE23A039-30FB-4369-8C42-E552AADF169B}"
EndProject
Project("{8BC9CEB8-8B4A-11D0-8D11-00A0C91BC942}") = "爬楼梯总的方法", "爬楼梯总的方法\爬楼梯总的方法.vcxproj", "{F70DDDF8-F08A-407B-B4BB-F00780454A85}"
EndProject
Project("{8BC9CEB8-8B4A-11D0-8D11-00A0C91BC942}") = "有效的括号", "有效的括号\有效的括号.vcxproj", "{2BAE02DE-D5B7-4CF8-A24F-997BF26BE249}"
EndProject
Project("{8BC9CEB8-8B4A-11D0-8D11-00A0C91BC942}") = "最长有效括号", "最长有效括号\最长有效括号.vcxproj", "{F3D3CBEA-BC67-4D60-8426-C45F2BB4C008}"
EndProject
Project("{8BC9CEB8-8B4A-11D0-8D11-00A0C91BC942}") = "是否是有效的括号", "是否是有效的括号\是否是有效的括号.vcxproj", "{50801327-CA71-4598-A18D-DF02CB995E70}"
EndProject
Project("{8BC9CEB8-8B4A-11D0-8D11-00A0C91BC942}") = "回溯法求组合问题", "回溯法求组合问题\回溯法求组合问题.vcxproj", "{8C36D9DD-7863-46AC-99C2-F2FBCC976224}"
EndProject
Project("{8BC9CEB8-8B4A-11D0-8D11-00A0C91BC942}") = "回溯法组合总和三", "回溯法组合总和三\回溯法组合总和三.vcxproj", "{F6E9DDD6-69BB-4275-A385-EB784C14E3F7}"
EndProject
Project("{8BC9CEB8-8B4A-11D0-8D11-00A0C91BC942}") = "回溯求子集2", "回溯求子集2\回溯求子集2.vcxproj", "{DC704FBE-EDFC-4820-B758-368A66B0B1BD}"
EndProject
Project("{8BC9CEB8-8B4A-11D0-8D11-00A0C91BC942}") = "0_1矩阵", "0_1矩阵\0_1矩阵.vcxproj", "{0220FAAA-7CAC-436E-B63A-7F678FACF5AC}"
EndProject
Project("{8BC9CEB8-8B4A-11D0-8D11-00A0C91BC942}") = "0_1背包", "0_1背包\0_1背包.vcxproj", "{89C67271-66BE-447E-84E2-4BFDC25FB162}"
EndProject
Project("{8BC9CEB8-8B4A-11D0-8D11-00A0C91BC942}") = "1和0组合背包", "1和0组合背包\1和0组合背包.vcxproj", "{E54AAF1E-1753-4E09-BC48-3E693D232CEB}"
EndProject
Project("{8BC9CEB8-8B4A-11D0-8D11-00A0C91BC942}") = "c++多态", "c++多态\c++多态.vcxproj", "{8264786A-D233-47C0-B52B-FC9809F05167}"
EndProject
Project("{8BC9CEB8-8B4A-11D0-8D11-00A0C91BC942}") = "leetcode快速排序", "leetcode快速排序\leetcode快速排序.vcxproj", "{6AC4AA6D-B332-40C0-87C4-DCC5CE9A7159}"
EndProject
Project("{8BC9CEB8-8B4A-11D0-8D11-00A0C91BC942}") = "单链表排序", "单链表排序\单链表排序.vcxproj", "{41116C57-661C-467C-9F40-DC09891C0FF0}"
EndProject
Project("{8BC9CEB8-8B4A-11D0-8D11-00A0C91BC942}") = "归并排序单链表", "归并排序单链表\归并排序单链表.vcxproj", "{C4926B5F-3EB4-4D2D-BC83-6CE75110E8FD}"
EndProject
Project("{2150E333-8FDC-42A3-9474-1A3956D46DE8}") = "单调栈", "单调栈", "{245B09B4-A7E1-4A79-9E3E-78B312AA326D}"
EndProject
Project("{8BC9CEB8-8B4A-11D0-8D11-00A0C91BC942}") = "单调栈下一个更大元素 I", "单调栈右侧第一个大的元素\单调栈右侧第一个大的元素.vcxproj", "{F9F1B7AB-BDFB-46D5-8391-832B7BA988F4}"
EndProject
Project("{8BC9CEB8-8B4A-11D0-8D11-00A0C91BC942}") = "单调栈接雨水", "单调栈接雨水\单调栈接雨水.vcxproj", "{37DCE73D-1AAC-4483-8623-1B33D80AE17B}"
EndProject
Project("{8BC9CEB8-8B4A-11D0-8D11-00A0C91BC942}") = "动态规划之零钱兑换", "动态规划之零钱兑换\动态规划之零钱兑换.vcxproj", "{B245D090-574A-47A5-8E9C-34003AEB3458}"
EndProject
Project("{2150E333-8FDC-42A3-9474-1A3956D46DE8}") = "动态规划", "动态规划", "{96D088C8-91D7-41A3-9C72-363944D93A52}"
EndProject
Project("{8BC9CEB8-8B4A-11D0-8D11-00A0C91BC942}") = "动态规划之爬楼梯", "动态规划之爬楼梯\动态规划之爬楼梯.vcxproj", "{272FD9D2-A3DA-4831-A3CE-4DA45E405EEB}"
EndProject
Project("{8BC9CEB8-8B4A-11D0-8D11-00A0C91BC942}") = "动态规则之最长子序列", "动态规则之最长子序列\动态规则之最长子序列.vcxproj", "{42B7AEB6-18AB-4F65-8AF9-A8022B941CC0}"
EndProject
Project("{8BC9CEB8-8B4A-11D0-8D11-00A0C91BC942}") = "零一背包滚动数组", "零一背包滚动数组\零一背包滚动数组.vcxproj", "{7B155C20-B1EF-4052-899A-061D74811723}"
EndProject
Global
	GlobalSection(SolutionConfigurationPlatforms) = preSolution
		Debug|x64 = Debug|x64
		Debug|x86 = Debug|x86
		Release|x64 = Release|x64
		Release|x86 = Release|x86
	EndGlobalSection
	GlobalSection(ProjectConfigurationPlatforms) = postSolution
		{80501E9F-9BE6-4F0D-BC81-D140AF8DC8BA}.Debug|x64.ActiveCfg = Debug|x64
		{80501E9F-9BE6-4F0D-BC81-D140AF8DC8BA}.Debug|x64.Build.0 = Debug|x64
		{80501E9F-9BE6-4F0D-BC81-D140AF8DC8BA}.Debug|x86.ActiveCfg = Debug|Win32
		{80501E9F-9BE6-4F0D-BC81-D140AF8DC8BA}.Debug|x86.Build.0 = Debug|Win32
		{80501E9F-9BE6-4F0D-BC81-D140AF8DC8BA}.Release|x64.ActiveCfg = Release|x64
		{80501E9F-9BE6-4F0D-BC81-D140AF8DC8BA}.Release|x64.Build.0 = Release|x64
		{80501E9F-9BE6-4F0D-BC81-D140AF8DC8BA}.Release|x86.ActiveCfg = Release|Win32
		{80501E9F-9BE6-4F0D-BC81-D140AF8DC8BA}.Release|x86.Build.0 = Release|Win32
		{2DA9B7B4-AB93-4D4C-BFC9-5E435742B9FF}.Debug|x64.ActiveCfg = Debug|x64
		{2DA9B7B4-AB93-4D4C-BFC9-5E435742B9FF}.Debug|x64.Build.0 = Debug|x64
		{2DA9B7B4-AB93-4D4C-BFC9-5E435742B9FF}.Debug|x86.ActiveCfg = Debug|Win32
		{2DA9B7B4-AB93-4D4C-BFC9-5E435742B9FF}.Debug|x86.Build.0 = Debug|Win32
		{2DA9B7B4-AB93-4D4C-BFC9-5E435742B9FF}.Release|x64.ActiveCfg = Release|x64
		{2DA9B7B4-AB93-4D4C-BFC9-5E435742B9FF}.Release|x64.Build.0 = Release|x64
		{2DA9B7B4-AB93-4D4C-BFC9-5E435742B9FF}.Release|x86.ActiveCfg = Release|Win32
		{2DA9B7B4-AB93-4D4C-BFC9-5E435742B9FF}.Release|x86.Build.0 = Release|Win32
		{085BF8EB-7443-4DA9-BE51-81794014C491}.Debug|x64.ActiveCfg = Debug|x64
		{085BF8EB-7443-4DA9-BE51-81794014C491}.Debug|x64.Build.0 = Debug|x64
		{085BF8EB-7443-4DA9-BE51-81794014C491}.Debug|x86.ActiveCfg = Debug|Win32
		{085BF8EB-7443-4DA9-BE51-81794014C491}.Debug|x86.Build.0 = Debug|Win32
		{085BF8EB-7443-4DA9-BE51-81794014C491}.Release|x64.ActiveCfg = Release|x64
		{085BF8EB-7443-4DA9-BE51-81794014C491}.Release|x64.Build.0 = Release|x64
		{085BF8EB-7443-4DA9-BE51-81794014C491}.Release|x86.ActiveCfg = Release|Win32
		{085BF8EB-7443-4DA9-BE51-81794014C491}.Release|x86.Build.0 = Release|Win32
		{E9A44FED-87E7-4C55-A6DA-C506E227843F}.Debug|x64.ActiveCfg = Debug|x64
		{E9A44FED-87E7-4C55-A6DA-C506E227843F}.Debug|x64.Build.0 = Debug|x64
		{E9A44FED-87E7-4C55-A6DA-C506E227843F}.Debug|x86.ActiveCfg = Debug|Win32
		{E9A44FED-87E7-4C55-A6DA-C506E227843F}.Debug|x86.Build.0 = Debug|Win32
		{E9A44FED-87E7-4C55-A6DA-C506E227843F}.Release|x64.ActiveCfg = Release|x64
		{E9A44FED-87E7-4C55-A6DA-C506E227843F}.Release|x64.Build.0 = Release|x64
		{E9A44FED-87E7-4C55-A6DA-C506E227843F}.Release|x86.ActiveCfg = Release|Win32
		{E9A44FED-87E7-4C55-A6DA-C506E227843F}.Release|x86.Build.0 = Release|Win32
		{41C9F97B-EE8D-4DEE-A70E-640060D698F3}.Debug|x64.ActiveCfg = Debug|x64
		{41C9F97B-EE8D-4DEE-A70E-640060D698F3}.Debug|x64.Build.0 = Debug|x64
		{41C9F97B-EE8D-4DEE-A70E-640060D698F3}.Debug|x86.ActiveCfg = Debug|Win32
		{41C9F97B-EE8D-4DEE-A70E-640060D698F3}.Debug|x86.Build.0 = Debug|Win32
		{41C9F97B-EE8D-4DEE-A70E-640060D698F3}.Release|x64.ActiveCfg = Release|x64
		{41C9F97B-EE8D-4DEE-A70E-640060D698F3}.Release|x64.Build.0 = Release|x64
		{41C9F97B-EE8D-4DEE-A70E-640060D698F3}.Release|x86.ActiveCfg = Release|Win32
		{41C9F97B-EE8D-4DEE-A70E-640060D698F3}.Release|x86.Build.0 = Release|Win32
		{8B73C2DC-1F46-414B-A15B-43582192B355}.Debug|x64.ActiveCfg = Debug|x64
		{8B73C2DC-1F46-414B-A15B-43582192B355}.Debug|x64.Build.0 = Debug|x64
		{8B73C2DC-1F46-414B-A15B-43582192B355}.Debug|x86.ActiveCfg = Debug|Win32
		{8B73C2DC-1F46-414B-A15B-43582192B355}.Debug|x86.Build.0 = Debug|Win32
		{8B73C2DC-1F46-414B-A15B-43582192B355}.Release|x64.ActiveCfg = Release|x64
		{8B73C2DC-1F46-414B-A15B-43582192B355}.Release|x64.Build.0 = Release|x64
		{8B73C2DC-1F46-414B-A15B-43582192B355}.Release|x86.ActiveCfg = Release|Win32
		{8B73C2DC-1F46-414B-A15B-43582192B355}.Release|x86.Build.0 = Release|Win32
		{0229BDEF-95C1-419E-94F8-44243D7993AF}.Debug|x64.ActiveCfg = Debug|x64
		{0229BDEF-95C1-419E-94F8-44243D7993AF}.Debug|x64.Build.0 = Debug|x64
		{0229BDEF-95C1-419E-94F8-44243D7993AF}.Debug|x86.ActiveCfg = Debug|Win32
		{0229BDEF-95C1-419E-94F8-44243D7993AF}.Debug|x86.Build.0 = Debug|Win32
		{0229BDEF-95C1-419E-94F8-44243D7993AF}.Release|x64.ActiveCfg = Release|x64
		{0229BDEF-95C1-419E-94F8-44243D7993AF}.Release|x64.Build.0 = Release|x64
		{0229BDEF-95C1-419E-94F8-44243D7993AF}.Release|x86.ActiveCfg = Release|Win32
		{0229BDEF-95C1-419E-94F8-44243D7993AF}.Release|x86.Build.0 = Release|Win32
		{B699703B-9889-4193-A2A5-3D00AA75FE2E}.Debug|x64.ActiveCfg = Debug|x64
		{B699703B-9889-4193-A2A5-3D00AA75FE2E}.Debug|x64.Build.0 = Debug|x64
		{B699703B-9889-4193-A2A5-3D00AA75FE2E}.Debug|x86.ActiveCfg = Debug|Win32
		{B699703B-9889-4193-A2A5-3D00AA75FE2E}.Debug|x86.Build.0 = Debug|Win32
		{B699703B-9889-4193-A2A5-3D00AA75FE2E}.Release|x64.ActiveCfg = Release|x64
		{B699703B-9889-4193-A2A5-3D00AA75FE2E}.Release|x64.Build.0 = Release|x64
		{B699703B-9889-4193-A2A5-3D00AA75FE2E}.Release|x86.ActiveCfg = Release|Win32
		{B699703B-9889-4193-A2A5-3D00AA75FE2E}.Release|x86.Build.0 = Release|Win32
		{8B2BA1DD-5FEE-4CE9-8EFC-F64A296B4DCF}.Debug|x64.ActiveCfg = Debug|x64
		{8B2BA1DD-5FEE-4CE9-8EFC-F64A296B4DCF}.Debug|x64.Build.0 = Debug|x64
		{8B2BA1DD-5FEE-4CE9-8EFC-F64A296B4DCF}.Debug|x86.ActiveCfg = Debug|Win32
		{8B2BA1DD-5FEE-4CE9-8EFC-F64A296B4DCF}.Debug|x86.Build.0 = Debug|Win32
		{8B2BA1DD-5FEE-4CE9-8EFC-F64A296B4DCF}.Release|x64.ActiveCfg = Release|x64
		{8B2BA1DD-5FEE-4CE9-8EFC-F64A296B4DCF}.Release|x64.Build.0 = Release|x64
		{8B2BA1DD-5FEE-4CE9-8EFC-F64A296B4DCF}.Release|x86.ActiveCfg = Release|Win32
		{8B2BA1DD-5FEE-4CE9-8EFC-F64A296B4DCF}.Release|x86.Build.0 = Release|Win32
		{D6B35322-ADF4-4684-A1CB-1A088270EC5A}.Debug|x64.ActiveCfg = Debug|x64
		{D6B35322-ADF4-4684-A1CB-1A088270EC5A}.Debug|x64.Build.0 = Debug|x64
		{D6B35322-ADF4-4684-A1CB-1A088270EC5A}.Debug|x86.ActiveCfg = Debug|Win32
		{D6B35322-ADF4-4684-A1CB-1A088270EC5A}.Debug|x86.Build.0 = Debug|Win32
		{D6B35322-ADF4-4684-A1CB-1A088270EC5A}.Release|x64.ActiveCfg = Release|x64
		{D6B35322-ADF4-4684-A1CB-1A088270EC5A}.Release|x64.Build.0 = Release|x64
		{D6B35322-ADF4-4684-A1CB-1A088270EC5A}.Release|x86.ActiveCfg = Release|Win32
		{D6B35322-ADF4-4684-A1CB-1A088270EC5A}.Release|x86.Build.0 = Release|Win32
		{8644CAA5-A0CC-41C3-B684-976440BDA919}.Debug|x64.ActiveCfg = Debug|x64
		{8644CAA5-A0CC-41C3-B684-976440BDA919}.Debug|x64.Build.0 = Debug|x64
		{8644CAA5-A0CC-41C3-B684-976440BDA919}.Debug|x86.ActiveCfg = Debug|Win32
		{8644CAA5-A0CC-41C3-B684-976440BDA919}.Debug|x86.Build.0 = Debug|Win32
		{8644CAA5-A0CC-41C3-B684-976440BDA919}.Release|x64.ActiveCfg = Release|x64
		{8644CAA5-A0CC-41C3-B684-976440BDA919}.Release|x64.Build.0 = Release|x64
		{8644CAA5-A0CC-41C3-B684-976440BDA919}.Release|x86.ActiveCfg = Release|Win32
		{8644CAA5-A0CC-41C3-B684-976440BDA919}.Release|x86.Build.0 = Release|Win32
		{DC85822D-13AB-4694-B63B-EB6F82C7143C}.Debug|x64.ActiveCfg = Debug|x64
		{DC85822D-13AB-4694-B63B-EB6F82C7143C}.Debug|x64.Build.0 = Debug|x64
		{DC85822D-13AB-4694-B63B-EB6F82C7143C}.Debug|x86.ActiveCfg = Debug|Win32
		{DC85822D-13AB-4694-B63B-EB6F82C7143C}.Debug|x86.Build.0 = Debug|Win32
		{DC85822D-13AB-4694-B63B-EB6F82C7143C}.Release|x64.ActiveCfg = Release|x64
		{DC85822D-13AB-4694-B63B-EB6F82C7143C}.Release|x64.Build.0 = Release|x64
		{DC85822D-13AB-4694-B63B-EB6F82C7143C}.Release|x86.ActiveCfg = Release|Win32
		{DC85822D-13AB-4694-B63B-EB6F82C7143C}.Release|x86.Build.0 = Release|Win32
		{962AD1D7-B45E-4B4D-BA35-384CEED76679}.Debug|x64.ActiveCfg = Debug|x64
		{962AD1D7-B45E-4B4D-BA35-384CEED76679}.Debug|x64.Build.0 = Debug|x64
		{962AD1D7-B45E-4B4D-BA35-384CEED76679}.Debug|x86.ActiveCfg = Debug|Win32
		{962AD1D7-B45E-4B4D-BA35-384CEED76679}.Debug|x86.Build.0 = Debug|Win32
		{962AD1D7-B45E-4B4D-BA35-384CEED76679}.Release|x64.ActiveCfg = Release|x64
		{962AD1D7-B45E-4B4D-BA35-384CEED76679}.Release|x64.Build.0 = Release|x64
		{962AD1D7-B45E-4B4D-BA35-384CEED76679}.Release|x86.ActiveCfg = Release|Win32
		{962AD1D7-B45E-4B4D-BA35-384CEED76679}.Release|x86.Build.0 = Release|Win32
		{01DB6B6A-547E-4578-B0DE-7601048BED71}.Debug|x64.ActiveCfg = Debug|x64
		{01DB6B6A-547E-4578-B0DE-7601048BED71}.Debug|x64.Build.0 = Debug|x64
		{01DB6B6A-547E-4578-B0DE-7601048BED71}.Debug|x86.ActiveCfg = Debug|Win32
		{01DB6B6A-547E-4578-B0DE-7601048BED71}.Debug|x86.Build.0 = Debug|Win32
		{01DB6B6A-547E-4578-B0DE-7601048BED71}.Release|x64.ActiveCfg = Release|x64
		{01DB6B6A-547E-4578-B0DE-7601048BED71}.Release|x64.Build.0 = Release|x64
		{01DB6B6A-547E-4578-B0DE-7601048BED71}.Release|x86.ActiveCfg = Release|Win32
		{01DB6B6A-547E-4578-B0DE-7601048BED71}.Release|x86.Build.0 = Release|Win32
		{4C408D04-102A-4C6D-87D8-84D0CEA3D66D}.Debug|x64.ActiveCfg = Debug|x64
		{4C408D04-102A-4C6D-87D8-84D0CEA3D66D}.Debug|x64.Build.0 = Debug|x64
		{4C408D04-102A-4C6D-87D8-84D0CEA3D66D}.Debug|x86.ActiveCfg = Debug|Win32
		{4C408D04-102A-4C6D-87D8-84D0CEA3D66D}.Debug|x86.Build.0 = Debug|Win32
		{4C408D04-102A-4C6D-87D8-84D0CEA3D66D}.Release|x64.ActiveCfg = Release|x64
		{4C408D04-102A-4C6D-87D8-84D0CEA3D66D}.Release|x64.Build.0 = Release|x64
		{4C408D04-102A-4C6D-87D8-84D0CEA3D66D}.Release|x86.ActiveCfg = Release|Win32
		{4C408D04-102A-4C6D-87D8-84D0CEA3D66D}.Release|x86.Build.0 = Release|Win32
		{F1D86A95-F450-4201-9979-0C02CD731DF3}.Debug|x64.ActiveCfg = Debug|x64
		{F1D86A95-F450-4201-9979-0C02CD731DF3}.Debug|x64.Build.0 = Debug|x64
		{F1D86A95-F450-4201-9979-0C02CD731DF3}.Debug|x86.ActiveCfg = Debug|Win32
		{F1D86A95-F450-4201-9979-0C02CD731DF3}.Debug|x86.Build.0 = Debug|Win32
		{F1D86A95-F450-4201-9979-0C02CD731DF3}.Release|x64.ActiveCfg = Release|x64
		{F1D86A95-F450-4201-9979-0C02CD731DF3}.Release|x64.Build.0 = Release|x64
		{F1D86A95-F450-4201-9979-0C02CD731DF3}.Release|x86.ActiveCfg = Release|Win32
		{F1D86A95-F450-4201-9979-0C02CD731DF3}.Release|x86.Build.0 = Release|Win32
		{0892578B-3371-4366-9F7E-D5EDED142156}.Debug|x64.ActiveCfg = Debug|x64
		{0892578B-3371-4366-9F7E-D5EDED142156}.Debug|x64.Build.0 = Debug|x64
		{0892578B-3371-4366-9F7E-D5EDED142156}.Debug|x86.ActiveCfg = Debug|Win32
		{0892578B-3371-4366-9F7E-D5EDED142156}.Debug|x86.Build.0 = Debug|Win32
		{0892578B-3371-4366-9F7E-D5EDED142156}.Release|x64.ActiveCfg = Release|x64
		{0892578B-3371-4366-9F7E-D5EDED142156}.Release|x64.Build.0 = Release|x64
		{0892578B-3371-4366-9F7E-D5EDED142156}.Release|x86.ActiveCfg = Release|Win32
		{0892578B-3371-4366-9F7E-D5EDED142156}.Release|x86.Build.0 = Release|Win32
		{655E2B87-4A32-43D1-ABAC-9491AA4B4525}.Debug|x64.ActiveCfg = Debug|x64
		{655E2B87-4A32-43D1-ABAC-9491AA4B4525}.Debug|x64.Build.0 = Debug|x64
		{655E2B87-4A32-43D1-ABAC-9491AA4B4525}.Debug|x86.ActiveCfg = Debug|Win32
		{655E2B87-4A32-43D1-ABAC-9491AA4B4525}.Debug|x86.Build.0 = Debug|Win32
		{655E2B87-4A32-43D1-ABAC-9491AA4B4525}.Release|x64.ActiveCfg = Release|x64
		{655E2B87-4A32-43D1-ABAC-9491AA4B4525}.Release|x64.Build.0 = Release|x64
		{655E2B87-4A32-43D1-ABAC-9491AA4B4525}.Release|x86.ActiveCfg = Release|Win32
		{655E2B87-4A32-43D1-ABAC-9491AA4B4525}.Release|x86.Build.0 = Release|Win32
		{D914ECB3-5E24-4CEA-AF0B-766F8B1CF931}.Debug|x64.ActiveCfg = Debug|x64
		{D914ECB3-5E24-4CEA-AF0B-766F8B1CF931}.Debug|x64.Build.0 = Debug|x64
		{D914ECB3-5E24-4CEA-AF0B-766F8B1CF931}.Debug|x86.ActiveCfg = Debug|Win32
		{D914ECB3-5E24-4CEA-AF0B-766F8B1CF931}.Debug|x86.Build.0 = Debug|Win32
		{D914ECB3-5E24-4CEA-AF0B-766F8B1CF931}.Release|x64.ActiveCfg = Release|x64
		{D914ECB3-5E24-4CEA-AF0B-766F8B1CF931}.Release|x64.Build.0 = Release|x64
		{D914ECB3-5E24-4CEA-AF0B-766F8B1CF931}.Release|x86.ActiveCfg = Release|Win32
		{D914ECB3-5E24-4CEA-AF0B-766F8B1CF931}.Release|x86.Build.0 = Release|Win32
		{14112D35-B90B-4098-91FD-235C960B170A}.Debug|x64.ActiveCfg = Debug|x64
		{14112D35-B90B-4098-91FD-235C960B170A}.Debug|x64.Build.0 = Debug|x64
		{14112D35-B90B-4098-91FD-235C960B170A}.Debug|x86.ActiveCfg = Debug|Win32
		{14112D35-B90B-4098-91FD-235C960B170A}.Debug|x86.Build.0 = Debug|Win32
		{14112D35-B90B-4098-91FD-235C960B170A}.Release|x64.ActiveCfg = Release|x64
		{14112D35-B90B-4098-91FD-235C960B170A}.Release|x64.Build.0 = Release|x64
		{14112D35-B90B-4098-91FD-235C960B170A}.Release|x86.ActiveCfg = Release|Win32
		{14112D35-B90B-4098-91FD-235C960B170A}.Release|x86.Build.0 = Release|Win32
		{B1792534-7C96-42E8-8F98-58545496DE70}.Debug|x64.ActiveCfg = Debug|x64
		{B1792534-7C96-42E8-8F98-58545496DE70}.Debug|x64.Build.0 = Debug|x64
		{B1792534-7C96-42E8-8F98-58545496DE70}.Debug|x86.ActiveCfg = Debug|Win32
		{B1792534-7C96-42E8-8F98-58545496DE70}.Debug|x86.Build.0 = Debug|Win32
		{B1792534-7C96-42E8-8F98-58545496DE70}.Release|x64.ActiveCfg = Release|x64
		{B1792534-7C96-42E8-8F98-58545496DE70}.Release|x64.Build.0 = Release|x64
		{B1792534-7C96-42E8-8F98-58545496DE70}.Release|x86.ActiveCfg = Release|Win32
		{B1792534-7C96-42E8-8F98-58545496DE70}.Release|x86.Build.0 = Release|Win32
		{202583A2-3044-4127-8CEC-6C0457BCF85B}.Debug|x64.ActiveCfg = Debug|x64
		{202583A2-3044-4127-8CEC-6C0457BCF85B}.Debug|x64.Build.0 = Debug|x64
		{202583A2-3044-4127-8CEC-6C0457BCF85B}.Debug|x86.ActiveCfg = Debug|Win32
		{202583A2-3044-4127-8CEC-6C0457BCF85B}.Debug|x86.Build.0 = Debug|Win32
		{202583A2-3044-4127-8CEC-6C0457BCF85B}.Release|x64.ActiveCfg = Release|x64
		{202583A2-3044-4127-8CEC-6C0457BCF85B}.Release|x64.Build.0 = Release|x64
		{202583A2-3044-4127-8CEC-6C0457BCF85B}.Release|x86.ActiveCfg = Release|Win32
		{202583A2-3044-4127-8CEC-6C0457BCF85B}.Release|x86.Build.0 = Release|Win32
		{2F1A7FEB-5EBA-4129-BCBB-624E7884DAA0}.Debug|x64.ActiveCfg = Debug|x64
		{2F1A7FEB-5EBA-4129-BCBB-624E7884DAA0}.Debug|x64.Build.0 = Debug|x64
		{2F1A7FEB-5EBA-4129-BCBB-624E7884DAA0}.Debug|x86.ActiveCfg = Debug|Win32
		{2F1A7FEB-5EBA-4129-BCBB-624E7884DAA0}.Debug|x86.Build.0 = Debug|Win32
		{2F1A7FEB-5EBA-4129-BCBB-624E7884DAA0}.Release|x64.ActiveCfg = Release|x64
		{2F1A7FEB-5EBA-4129-BCBB-624E7884DAA0}.Release|x64.Build.0 = Release|x64
		{2F1A7FEB-5EBA-4129-BCBB-624E7884DAA0}.Release|x86.ActiveCfg = Release|Win32
		{2F1A7FEB-5EBA-4129-BCBB-624E7884DAA0}.Release|x86.Build.0 = Release|Win32
		{A2199E8D-0861-4775-AC7E-7233082F55E5}.Debug|x64.ActiveCfg = Debug|x64
		{A2199E8D-0861-4775-AC7E-7233082F55E5}.Debug|x64.Build.0 = Debug|x64
		{A2199E8D-0861-4775-AC7E-7233082F55E5}.Debug|x86.ActiveCfg = Debug|Win32
		{A2199E8D-0861-4775-AC7E-7233082F55E5}.Debug|x86.Build.0 = Debug|Win32
		{A2199E8D-0861-4775-AC7E-7233082F55E5}.Release|x64.ActiveCfg = Release|x64
		{A2199E8D-0861-4775-AC7E-7233082F55E5}.Release|x64.Build.0 = Release|x64
		{A2199E8D-0861-4775-AC7E-7233082F55E5}.Release|x86.ActiveCfg = Release|Win32
		{A2199E8D-0861-4775-AC7E-7233082F55E5}.Release|x86.Build.0 = Release|Win32
		{76AFEACE-A453-48F9-A417-748ACFFA3DCB}.Debug|x64.ActiveCfg = Debug|x64
		{76AFEACE-A453-48F9-A417-748ACFFA3DCB}.Debug|x64.Build.0 = Debug|x64
		{76AFEACE-A453-48F9-A417-748ACFFA3DCB}.Debug|x86.ActiveCfg = Debug|Win32
		{76AFEACE-A453-48F9-A417-748ACFFA3DCB}.Debug|x86.Build.0 = Debug|Win32
		{76AFEACE-A453-48F9-A417-748ACFFA3DCB}.Release|x64.ActiveCfg = Release|x64
		{76AFEACE-A453-48F9-A417-748ACFFA3DCB}.Release|x64.Build.0 = Release|x64
		{76AFEACE-A453-48F9-A417-748ACFFA3DCB}.Release|x86.ActiveCfg = Release|Win32
		{76AFEACE-A453-48F9-A417-748ACFFA3DCB}.Release|x86.Build.0 = Release|Win32
		{993B28B6-783F-45A5-8D77-7B1AE11A1054}.Debug|x64.ActiveCfg = Debug|x64
		{993B28B6-783F-45A5-8D77-7B1AE11A1054}.Debug|x64.Build.0 = Debug|x64
		{993B28B6-783F-45A5-8D77-7B1AE11A1054}.Debug|x86.ActiveCfg = Debug|Win32
		{993B28B6-783F-45A5-8D77-7B1AE11A1054}.Debug|x86.Build.0 = Debug|Win32
		{993B28B6-783F-45A5-8D77-7B1AE11A1054}.Release|x64.ActiveCfg = Release|x64
		{993B28B6-783F-45A5-8D77-7B1AE11A1054}.Release|x64.Build.0 = Release|x64
		{993B28B6-783F-45A5-8D77-7B1AE11A1054}.Release|x86.ActiveCfg = Release|Win32
		{993B28B6-783F-45A5-8D77-7B1AE11A1054}.Release|x86.Build.0 = Release|Win32
		{B5957FE6-9646-4FF6-B5AA-E69E49EB701F}.Debug|x64.ActiveCfg = Debug|x64
		{B5957FE6-9646-4FF6-B5AA-E69E49EB701F}.Debug|x64.Build.0 = Debug|x64
		{B5957FE6-9646-4FF6-B5AA-E69E49EB701F}.Debug|x86.ActiveCfg = Debug|Win32
		{B5957FE6-9646-4FF6-B5AA-E69E49EB701F}.Debug|x86.Build.0 = Debug|Win32
		{B5957FE6-9646-4FF6-B5AA-E69E49EB701F}.Release|x64.ActiveCfg = Release|x64
		{B5957FE6-9646-4FF6-B5AA-E69E49EB701F}.Release|x64.Build.0 = Release|x64
		{B5957FE6-9646-4FF6-B5AA-E69E49EB701F}.Release|x86.ActiveCfg = Release|Win32
		{B5957FE6-9646-4FF6-B5AA-E69E49EB701F}.Release|x86.Build.0 = Release|Win32
		{F59222AA-CC8E-4C3B-B406-779779D9058D}.Debug|x64.ActiveCfg = Debug|x64
		{F59222AA-CC8E-4C3B-B406-779779D9058D}.Debug|x64.Build.0 = Debug|x64
		{F59222AA-CC8E-4C3B-B406-779779D9058D}.Debug|x86.ActiveCfg = Debug|Win32
		{F59222AA-CC8E-4C3B-B406-779779D9058D}.Debug|x86.Build.0 = Debug|Win32
		{F59222AA-CC8E-4C3B-B406-779779D9058D}.Release|x64.ActiveCfg = Release|x64
		{F59222AA-CC8E-4C3B-B406-779779D9058D}.Release|x64.Build.0 = Release|x64
		{F59222AA-CC8E-4C3B-B406-779779D9058D}.Release|x86.ActiveCfg = Release|Win32
		{F59222AA-CC8E-4C3B-B406-779779D9058D}.Release|x86.Build.0 = Release|Win32
		{D21E6C41-3C36-421D-AC9A-DD255B8ACB05}.Debug|x64.ActiveCfg = Debug|x64
		{D21E6C41-3C36-421D-AC9A-DD255B8ACB05}.Debug|x64.Build.0 = Debug|x64
		{D21E6C41-3C36-421D-AC9A-DD255B8ACB05}.Debug|x86.ActiveCfg = Debug|Win32
		{D21E6C41-3C36-421D-AC9A-DD255B8ACB05}.Debug|x86.Build.0 = Debug|Win32
		{D21E6C41-3C36-421D-AC9A-DD255B8ACB05}.Release|x64.ActiveCfg = Release|x64
		{D21E6C41-3C36-421D-AC9A-DD255B8ACB05}.Release|x64.Build.0 = Release|x64
		{D21E6C41-3C36-421D-AC9A-DD255B8ACB05}.Release|x86.ActiveCfg = Release|Win32
		{D21E6C41-3C36-421D-AC9A-DD255B8ACB05}.Release|x86.Build.0 = Release|Win32
		{307F32D5-657F-4676-97F3-922802BACE21}.Debug|x64.ActiveCfg = Debug|x64
		{307F32D5-657F-4676-97F3-922802BACE21}.Debug|x64.Build.0 = Debug|x64
		{307F32D5-657F-4676-97F3-922802BACE21}.Debug|x86.ActiveCfg = Debug|Win32
		{307F32D5-657F-4676-97F3-922802BACE21}.Debug|x86.Build.0 = Debug|Win32
		{307F32D5-657F-4676-97F3-922802BACE21}.Release|x64.ActiveCfg = Release|x64
		{307F32D5-657F-4676-97F3-922802BACE21}.Release|x64.Build.0 = Release|x64
		{307F32D5-657F-4676-97F3-922802BACE21}.Release|x86.ActiveCfg = Release|Win32
		{307F32D5-657F-4676-97F3-922802BACE21}.Release|x86.Build.0 = Release|Win32
		{388D4B05-B2EB-40D7-A588-47D351308328}.Debug|x64.ActiveCfg = Debug|x64
		{388D4B05-B2EB-40D7-A588-47D351308328}.Debug|x64.Build.0 = Debug|x64
		{388D4B05-B2EB-40D7-A588-47D351308328}.Debug|x86.ActiveCfg = Debug|Win32
		{388D4B05-B2EB-40D7-A588-47D351308328}.Debug|x86.Build.0 = Debug|Win32
		{388D4B05-B2EB-40D7-A588-47D351308328}.Release|x64.ActiveCfg = Release|x64
		{388D4B05-B2EB-40D7-A588-47D351308328}.Release|x64.Build.0 = Release|x64
		{388D4B05-B2EB-40D7-A588-47D351308328}.Release|x86.ActiveCfg = Release|Win32
		{388D4B05-B2EB-40D7-A588-47D351308328}.Release|x86.Build.0 = Release|Win32
		{7FB7550E-977B-46E1-A48A-987E1092F96A}.Debug|x64.ActiveCfg = Debug|x64
		{7FB7550E-977B-46E1-A48A-987E1092F96A}.Debug|x64.Build.0 = Debug|x64
		{7FB7550E-977B-46E1-A48A-987E1092F96A}.Debug|x86.ActiveCfg = Debug|Win32
		{7FB7550E-977B-46E1-A48A-987E1092F96A}.Debug|x86.Build.0 = Debug|Win32
		{7FB7550E-977B-46E1-A48A-987E1092F96A}.Release|x64.ActiveCfg = Release|x64
		{7FB7550E-977B-46E1-A48A-987E1092F96A}.Release|x64.Build.0 = Release|x64
		{7FB7550E-977B-46E1-A48A-987E1092F96A}.Release|x86.ActiveCfg = Release|Win32
		{7FB7550E-977B-46E1-A48A-987E1092F96A}.Release|x86.Build.0 = Release|Win32
		{A73173C0-4FA0-4DE0-8A26-3D764F4E787C}.Debug|x64.ActiveCfg = Debug|x64
		{A73173C0-4FA0-4DE0-8A26-3D764F4E787C}.Debug|x64.Build.0 = Debug|x64
		{A73173C0-4FA0-4DE0-8A26-3D764F4E787C}.Debug|x86.ActiveCfg = Debug|Win32
		{A73173C0-4FA0-4DE0-8A26-3D764F4E787C}.Debug|x86.Build.0 = Debug|Win32
		{A73173C0-4FA0-4DE0-8A26-3D764F4E787C}.Release|x64.ActiveCfg = Release|x64
		{A73173C0-4FA0-4DE0-8A26-3D764F4E787C}.Release|x64.Build.0 = Release|x64
		{A73173C0-4FA0-4DE0-8A26-3D764F4E787C}.Release|x86.ActiveCfg = Release|Win32
		{A73173C0-4FA0-4DE0-8A26-3D764F4E787C}.Release|x86.Build.0 = Release|Win32
		{1835DCA6-FFDF-4C32-BBDE-A538847512B6}.Debug|x64.ActiveCfg = Debug|x64
		{1835DCA6-FFDF-4C32-BBDE-A538847512B6}.Debug|x64.Build.0 = Debug|x64
		{1835DCA6-FFDF-4C32-BBDE-A538847512B6}.Debug|x86.ActiveCfg = Debug|Win32
		{1835DCA6-FFDF-4C32-BBDE-A538847512B6}.Debug|x86.Build.0 = Debug|Win32
		{1835DCA6-FFDF-4C32-BBDE-A538847512B6}.Release|x64.ActiveCfg = Release|x64
		{1835DCA6-FFDF-4C32-BBDE-A538847512B6}.Release|x64.Build.0 = Release|x64
		{1835DCA6-FFDF-4C32-BBDE-A538847512B6}.Release|x86.ActiveCfg = Release|Win32
		{1835DCA6-FFDF-4C32-BBDE-A538847512B6}.Release|x86.Build.0 = Release|Win32
		{69560039-DAC8-4287-83FC-8BC4A19F5973}.Debug|x64.ActiveCfg = Debug|x64
		{69560039-DAC8-4287-83FC-8BC4A19F5973}.Debug|x64.Build.0 = Debug|x64
		{69560039-DAC8-4287-83FC-8BC4A19F5973}.Debug|x86.ActiveCfg = Debug|Win32
		{69560039-DAC8-4287-83FC-8BC4A19F5973}.Debug|x86.Build.0 = Debug|Win32
		{69560039-DAC8-4287-83FC-8BC4A19F5973}.Release|x64.ActiveCfg = Release|x64
		{69560039-DAC8-4287-83FC-8BC4A19F5973}.Release|x64.Build.0 = Release|x64
		{69560039-DAC8-4287-83FC-8BC4A19F5973}.Release|x86.ActiveCfg = Release|Win32
		{69560039-DAC8-4287-83FC-8BC4A19F5973}.Release|x86.Build.0 = Release|Win32
		{F151CABB-7CDE-4A88-905D-5C0F7645C708}.Debug|x64.ActiveCfg = Debug|x64
		{F151CABB-7CDE-4A88-905D-5C0F7645C708}.Debug|x64.Build.0 = Debug|x64
		{F151CABB-7CDE-4A88-905D-5C0F7645C708}.Debug|x86.ActiveCfg = Debug|Win32
		{F151CABB-7CDE-4A88-905D-5C0F7645C708}.Debug|x86.Build.0 = Debug|Win32
		{F151CABB-7CDE-4A88-905D-5C0F7645C708}.Release|x64.ActiveCfg = Release|x64
		{F151CABB-7CDE-4A88-905D-5C0F7645C708}.Release|x64.Build.0 = Release|x64
		{F151CABB-7CDE-4A88-905D-5C0F7645C708}.Release|x86.ActiveCfg = Release|Win32
		{F151CABB-7CDE-4A88-905D-5C0F7645C708}.Release|x86.Build.0 = Release|Win32
		{2DA0FDD0-92E8-463A-B002-B43B4F73ED05}.Debug|x64.ActiveCfg = Debug|x64
		{2DA0FDD0-92E8-463A-B002-B43B4F73ED05}.Debug|x64.Build.0 = Debug|x64
		{2DA0FDD0-92E8-463A-B002-B43B4F73ED05}.Debug|x86.ActiveCfg = Debug|Win32
		{2DA0FDD0-92E8-463A-B002-B43B4F73ED05}.Debug|x86.Build.0 = Debug|Win32
		{2DA0FDD0-92E8-463A-B002-B43B4F73ED05}.Release|x64.ActiveCfg = Release|x64
		{2DA0FDD0-92E8-463A-B002-B43B4F73ED05}.Release|x64.Build.0 = Release|x64
		{2DA0FDD0-92E8-463A-B002-B43B4F73ED05}.Release|x86.ActiveCfg = Release|Win32
		{2DA0FDD0-92E8-463A-B002-B43B4F73ED05}.Release|x86.Build.0 = Release|Win32
		{D270EFB3-8CB4-4B8C-9637-86F9F1E3A497}.Debug|x64.ActiveCfg = Debug|x64
		{D270EFB3-8CB4-4B8C-9637-86F9F1E3A497}.Debug|x64.Build.0 = Debug|x64
		{D270EFB3-8CB4-4B8C-9637-86F9F1E3A497}.Debug|x86.ActiveCfg = Debug|Win32
		{D270EFB3-8CB4-4B8C-9637-86F9F1E3A497}.Debug|x86.Build.0 = Debug|Win32
		{D270EFB3-8CB4-4B8C-9637-86F9F1E3A497}.Release|x64.ActiveCfg = Release|x64
		{D270EFB3-8CB4-4B8C-9637-86F9F1E3A497}.Release|x64.Build.0 = Release|x64
		{D270EFB3-8CB4-4B8C-9637-86F9F1E3A497}.Release|x86.ActiveCfg = Release|Win32
		{D270EFB3-8CB4-4B8C-9637-86F9F1E3A497}.Release|x86.Build.0 = Release|Win32
		{321A7183-DFEC-4925-B226-4C27C308F6EF}.Debug|x64.ActiveCfg = Debug|x64
		{321A7183-DFEC-4925-B226-4C27C308F6EF}.Debug|x64.Build.0 = Debug|x64
		{321A7183-DFEC-4925-B226-4C27C308F6EF}.Debug|x86.ActiveCfg = Debug|Win32
		{321A7183-DFEC-4925-B226-4C27C308F6EF}.Debug|x86.Build.0 = Debug|Win32
		{321A7183-DFEC-4925-B226-4C27C308F6EF}.Release|x64.ActiveCfg = Release|x64
		{321A7183-DFEC-4925-B226-4C27C308F6EF}.Release|x64.Build.0 = Release|x64
		{321A7183-DFEC-4925-B226-4C27C308F6EF}.Release|x86.ActiveCfg = Release|Win32
		{321A7183-DFEC-4925-B226-4C27C308F6EF}.Release|x86.Build.0 = Release|Win32
		{17835753-E070-4C3B-89DD-F5092493217E}.Debug|x64.ActiveCfg = Debug|x64
		{17835753-E070-4C3B-89DD-F5092493217E}.Debug|x64.Build.0 = Debug|x64
		{17835753-E070-4C3B-89DD-F5092493217E}.Debug|x86.ActiveCfg = Debug|Win32
		{17835753-E070-4C3B-89DD-F5092493217E}.Debug|x86.Build.0 = Debug|Win32
		{17835753-E070-4C3B-89DD-F5092493217E}.Release|x64.ActiveCfg = Release|x64
		{17835753-E070-4C3B-89DD-F5092493217E}.Release|x64.Build.0 = Release|x64
		{17835753-E070-4C3B-89DD-F5092493217E}.Release|x86.ActiveCfg = Release|Win32
		{17835753-E070-4C3B-89DD-F5092493217E}.Release|x86.Build.0 = Release|Win32
		{C388FDBC-40DA-4AD1-8019-E16316EA3E9B}.Debug|x64.ActiveCfg = Debug|x64
		{C388FDBC-40DA-4AD1-8019-E16316EA3E9B}.Debug|x64.Build.0 = Debug|x64
		{C388FDBC-40DA-4AD1-8019-E16316EA3E9B}.Debug|x86.ActiveCfg = Debug|Win32
		{C388FDBC-40DA-4AD1-8019-E16316EA3E9B}.Debug|x86.Build.0 = Debug|Win32
		{C388FDBC-40DA-4AD1-8019-E16316EA3E9B}.Release|x64.ActiveCfg = Release|x64
		{C388FDBC-40DA-4AD1-8019-E16316EA3E9B}.Release|x64.Build.0 = Release|x64
		{C388FDBC-40DA-4AD1-8019-E16316EA3E9B}.Release|x86.ActiveCfg = Release|Win32
		{C388FDBC-40DA-4AD1-8019-E16316EA3E9B}.Release|x86.Build.0 = Release|Win32
		{221AB4D5-A856-47AA-8F9E-95A0C96776B8}.Debug|x64.ActiveCfg = Debug|x64
		{221AB4D5-A856-47AA-8F9E-95A0C96776B8}.Debug|x64.Build.0 = Debug|x64
		{221AB4D5-A856-47AA-8F9E-95A0C96776B8}.Debug|x86.ActiveCfg = Debug|Win32
		{221AB4D5-A856-47AA-8F9E-95A0C96776B8}.Debug|x86.Build.0 = Debug|Win32
		{221AB4D5-A856-47AA-8F9E-95A0C96776B8}.Release|x64.ActiveCfg = Release|x64
		{221AB4D5-A856-47AA-8F9E-95A0C96776B8}.Release|x64.Build.0 = Release|x64
		{221AB4D5-A856-47AA-8F9E-95A0C96776B8}.Release|x86.ActiveCfg = Release|Win32
		{221AB4D5-A856-47AA-8F9E-95A0C96776B8}.Release|x86.Build.0 = Release|Win32
		{CD87BA81-AFBF-4D54-B3FE-03A26F2519D3}.Debug|x64.ActiveCfg = Debug|x64
		{CD87BA81-AFBF-4D54-B3FE-03A26F2519D3}.Debug|x64.Build.0 = Debug|x64
		{CD87BA81-AFBF-4D54-B3FE-03A26F2519D3}.Debug|x86.ActiveCfg = Debug|Win32
		{CD87BA81-AFBF-4D54-B3FE-03A26F2519D3}.Debug|x86.Build.0 = Debug|Win32
		{CD87BA81-AFBF-4D54-B3FE-03A26F2519D3}.Release|x64.ActiveCfg = Release|x64
		{CD87BA81-AFBF-4D54-B3FE-03A26F2519D3}.Release|x64.Build.0 = Release|x64
		{CD87BA81-AFBF-4D54-B3FE-03A26F2519D3}.Release|x86.ActiveCfg = Release|Win32
		{CD87BA81-AFBF-4D54-B3FE-03A26F2519D3}.Release|x86.Build.0 = Release|Win32
		{F24AD3B0-7767-4DE5-846F-1899FB474832}.Debug|x64.ActiveCfg = Debug|x64
		{F24AD3B0-7767-4DE5-846F-1899FB474832}.Debug|x64.Build.0 = Debug|x64
		{F24AD3B0-7767-4DE5-846F-1899FB474832}.Debug|x86.ActiveCfg = Debug|Win32
		{F24AD3B0-7767-4DE5-846F-1899FB474832}.Debug|x86.Build.0 = Debug|Win32
		{F24AD3B0-7767-4DE5-846F-1899FB474832}.Release|x64.ActiveCfg = Release|x64
		{F24AD3B0-7767-4DE5-846F-1899FB474832}.Release|x64.Build.0 = Release|x64
		{F24AD3B0-7767-4DE5-846F-1899FB474832}.Release|x86.ActiveCfg = Release|Win32
		{F24AD3B0-7767-4DE5-846F-1899FB474832}.Release|x86.Build.0 = Release|Win32
		{05A550F3-488E-401B-A95D-A0E0D0A958D3}.Debug|x64.ActiveCfg = Debug|x64
		{05A550F3-488E-401B-A95D-A0E0D0A958D3}.Debug|x64.Build.0 = Debug|x64
		{05A550F3-488E-401B-A95D-A0E0D0A958D3}.Debug|x86.ActiveCfg = Debug|Win32
		{05A550F3-488E-401B-A95D-A0E0D0A958D3}.Debug|x86.Build.0 = Debug|Win32
		{05A550F3-488E-401B-A95D-A0E0D0A958D3}.Release|x64.ActiveCfg = Release|x64
		{05A550F3-488E-401B-A95D-A0E0D0A958D3}.Release|x64.Build.0 = Release|x64
		{05A550F3-488E-401B-A95D-A0E0D0A958D3}.Release|x86.ActiveCfg = Release|Win32
		{05A550F3-488E-401B-A95D-A0E0D0A958D3}.Release|x86.Build.0 = Release|Win32
		{9E4AABA5-428E-47D5-8F6B-DFC6CF1C115F}.Debug|x64.ActiveCfg = Debug|x64
		{9E4AABA5-428E-47D5-8F6B-DFC6CF1C115F}.Debug|x64.Build.0 = Debug|x64
		{9E4AABA5-428E-47D5-8F6B-DFC6CF1C115F}.Debug|x86.ActiveCfg = Debug|Win32
		{9E4AABA5-428E-47D5-8F6B-DFC6CF1C115F}.Debug|x86.Build.0 = Debug|Win32
		{9E4AABA5-428E-47D5-8F6B-DFC6CF1C115F}.Release|x64.ActiveCfg = Release|x64
		{9E4AABA5-428E-47D5-8F6B-DFC6CF1C115F}.Release|x64.Build.0 = Release|x64
		{9E4AABA5-428E-47D5-8F6B-DFC6CF1C115F}.Release|x86.ActiveCfg = Release|Win32
		{9E4AABA5-428E-47D5-8F6B-DFC6CF1C115F}.Release|x86.Build.0 = Release|Win32
		{EA87DEB2-8ACF-449A-A032-8B3195BC2E40}.Debug|x64.ActiveCfg = Debug|x64
		{EA87DEB2-8ACF-449A-A032-8B3195BC2E40}.Debug|x64.Build.0 = Debug|x64
		{EA87DEB2-8ACF-449A-A032-8B3195BC2E40}.Debug|x86.ActiveCfg = Debug|Win32
		{EA87DEB2-8ACF-449A-A032-8B3195BC2E40}.Debug|x86.Build.0 = Debug|Win32
		{EA87DEB2-8ACF-449A-A032-8B3195BC2E40}.Release|x64.ActiveCfg = Release|x64
		{EA87DEB2-8ACF-449A-A032-8B3195BC2E40}.Release|x64.Build.0 = Release|x64
		{EA87DEB2-8ACF-449A-A032-8B3195BC2E40}.Release|x86.ActiveCfg = Release|Win32
		{EA87DEB2-8ACF-449A-A032-8B3195BC2E40}.Release|x86.Build.0 = Release|Win32
		{FE23A039-30FB-4369-8C42-E552AADF169B}.Debug|x64.ActiveCfg = Debug|x64
		{FE23A039-30FB-4369-8C42-E552AADF169B}.Debug|x64.Build.0 = Debug|x64
		{FE23A039-30FB-4369-8C42-E552AADF169B}.Debug|x86.ActiveCfg = Debug|Win32
		{FE23A039-30FB-4369-8C42-E552AADF169B}.Debug|x86.Build.0 = Debug|Win32
		{FE23A039-30FB-4369-8C42-E552AADF169B}.Release|x64.ActiveCfg = Release|x64
		{FE23A039-30FB-4369-8C42-E552AADF169B}.Release|x64.Build.0 = Release|x64
		{FE23A039-30FB-4369-8C42-E552AADF169B}.Release|x86.ActiveCfg = Release|Win32
		{FE23A039-30FB-4369-8C42-E552AADF169B}.Release|x86.Build.0 = Release|Win32
		{F70DDDF8-F08A-407B-B4BB-F00780454A85}.Debug|x64.ActiveCfg = Debug|x64
		{F70DDDF8-F08A-407B-B4BB-F00780454A85}.Debug|x64.Build.0 = Debug|x64
		{F70DDDF8-F08A-407B-B4BB-F00780454A85}.Debug|x86.ActiveCfg = Debug|Win32
		{F70DDDF8-F08A-407B-B4BB-F00780454A85}.Debug|x86.Build.0 = Debug|Win32
		{F70DDDF8-F08A-407B-B4BB-F00780454A85}.Release|x64.ActiveCfg = Release|x64
		{F70DDDF8-F08A-407B-B4BB-F00780454A85}.Release|x64.Build.0 = Release|x64
		{F70DDDF8-F08A-407B-B4BB-F00780454A85}.Release|x86.ActiveCfg = Release|Win32
		{F70DDDF8-F08A-407B-B4BB-F00780454A85}.Release|x86.Build.0 = Release|Win32
		{2BAE02DE-D5B7-4CF8-A24F-997BF26BE249}.Debug|x64.ActiveCfg = Debug|x64
		{2BAE02DE-D5B7-4CF8-A24F-997BF26BE249}.Debug|x64.Build.0 = Debug|x64
		{2BAE02DE-D5B7-4CF8-A24F-997BF26BE249}.Debug|x86.ActiveCfg = Debug|Win32
		{2BAE02DE-D5B7-4CF8-A24F-997BF26BE249}.Debug|x86.Build.0 = Debug|Win32
		{2BAE02DE-D5B7-4CF8-A24F-997BF26BE249}.Release|x64.ActiveCfg = Release|x64
		{2BAE02DE-D5B7-4CF8-A24F-997BF26BE249}.Release|x64.Build.0 = Release|x64
		{2BAE02DE-D5B7-4CF8-A24F-997BF26BE249}.Release|x86.ActiveCfg = Release|Win32
		{2BAE02DE-D5B7-4CF8-A24F-997BF26BE249}.Release|x86.Build.0 = Release|Win32
		{F3D3CBEA-BC67-4D60-8426-C45F2BB4C008}.Debug|x64.ActiveCfg = Debug|x64
		{F3D3CBEA-BC67-4D60-8426-C45F2BB4C008}.Debug|x64.Build.0 = Debug|x64
		{F3D3CBEA-BC67-4D60-8426-C45F2BB4C008}.Debug|x86.ActiveCfg = Debug|Win32
		{F3D3CBEA-BC67-4D60-8426-C45F2BB4C008}.Debug|x86.Build.0 = Debug|Win32
		{F3D3CBEA-BC67-4D60-8426-C45F2BB4C008}.Release|x64.ActiveCfg = Release|x64
		{F3D3CBEA-BC67-4D60-8426-C45F2BB4C008}.Release|x64.Build.0 = Release|x64
		{F3D3CBEA-BC67-4D60-8426-C45F2BB4C008}.Release|x86.ActiveCfg = Release|Win32
		{F3D3CBEA-BC67-4D60-8426-C45F2BB4C008}.Release|x86.Build.0 = Release|Win32
		{50801327-CA71-4598-A18D-DF02CB995E70}.Debug|x64.ActiveCfg = Debug|x64
		{50801327-CA71-4598-A18D-DF02CB995E70}.Debug|x64.Build.0 = Debug|x64
		{50801327-CA71-4598-A18D-DF02CB995E70}.Debug|x86.ActiveCfg = Debug|Win32
		{50801327-CA71-4598-A18D-DF02CB995E70}.Debug|x86.Build.0 = Debug|Win32
		{50801327-CA71-4598-A18D-DF02CB995E70}.Release|x64.ActiveCfg = Release|x64
		{50801327-CA71-4598-A18D-DF02CB995E70}.Release|x64.Build.0 = Release|x64
		{50801327-CA71-4598-A18D-DF02CB995E70}.Release|x86.ActiveCfg = Release|Win32
		{50801327-CA71-4598-A18D-DF02CB995E70}.Release|x86.Build.0 = Release|Win32
		{8C36D9DD-7863-46AC-99C2-F2FBCC976224}.Debug|x64.ActiveCfg = Debug|x64
		{8C36D9DD-7863-46AC-99C2-F2FBCC976224}.Debug|x64.Build.0 = Debug|x64
		{8C36D9DD-7863-46AC-99C2-F2FBCC976224}.Debug|x86.ActiveCfg = Debug|Win32
		{8C36D9DD-7863-46AC-99C2-F2FBCC976224}.Debug|x86.Build.0 = Debug|Win32
		{8C36D9DD-7863-46AC-99C2-F2FBCC976224}.Release|x64.ActiveCfg = Release|x64
		{8C36D9DD-7863-46AC-99C2-F2FBCC976224}.Release|x64.Build.0 = Release|x64
		{8C36D9DD-7863-46AC-99C2-F2FBCC976224}.Release|x86.ActiveCfg = Release|Win32
		{8C36D9DD-7863-46AC-99C2-F2FBCC976224}.Release|x86.Build.0 = Release|Win32
		{F6E9DDD6-69BB-4275-A385-EB784C14E3F7}.Debug|x64.ActiveCfg = Debug|x64
		{F6E9DDD6-69BB-4275-A385-EB784C14E3F7}.Debug|x64.Build.0 = Debug|x64
		{F6E9DDD6-69BB-4275-A385-EB784C14E3F7}.Debug|x86.ActiveCfg = Debug|Win32
		{F6E9DDD6-69BB-4275-A385-EB784C14E3F7}.Debug|x86.Build.0 = Debug|Win32
		{F6E9DDD6-69BB-4275-A385-EB784C14E3F7}.Release|x64.ActiveCfg = Release|x64
		{F6E9DDD6-69BB-4275-A385-EB784C14E3F7}.Release|x64.Build.0 = Release|x64
		{F6E9DDD6-69BB-4275-A385-EB784C14E3F7}.Release|x86.ActiveCfg = Release|Win32
		{F6E9DDD6-69BB-4275-A385-EB784C14E3F7}.Release|x86.Build.0 = Release|Win32
		{DC704FBE-EDFC-4820-B758-368A66B0B1BD}.Debug|x64.ActiveCfg = Debug|x64
		{DC704FBE-EDFC-4820-B758-368A66B0B1BD}.Debug|x64.Build.0 = Debug|x64
		{DC704FBE-EDFC-4820-B758-368A66B0B1BD}.Debug|x86.ActiveCfg = Debug|Win32
		{DC704FBE-EDFC-4820-B758-368A66B0B1BD}.Debug|x86.Build.0 = Debug|Win32
		{DC704FBE-EDFC-4820-B758-368A66B0B1BD}.Release|x64.ActiveCfg = Release|x64
		{DC704FBE-EDFC-4820-B758-368A66B0B1BD}.Release|x64.Build.0 = Release|x64
		{DC704FBE-EDFC-4820-B758-368A66B0B1BD}.Release|x86.ActiveCfg = Release|Win32
		{DC704FBE-EDFC-4820-B758-368A66B0B1BD}.Release|x86.Build.0 = Release|Win32
		{0220FAAA-7CAC-436E-B63A-7F678FACF5AC}.Debug|x64.ActiveCfg = Debug|x64
		{0220FAAA-7CAC-436E-B63A-7F678FACF5AC}.Debug|x64.Build.0 = Debug|x64
		{0220FAAA-7CAC-436E-B63A-7F678FACF5AC}.Debug|x86.ActiveCfg = Debug|Win32
		{0220FAAA-7CAC-436E-B63A-7F678FACF5AC}.Debug|x86.Build.0 = Debug|Win32
		{0220FAAA-7CAC-436E-B63A-7F678FACF5AC}.Release|x64.ActiveCfg = Release|x64
		{0220FAAA-7CAC-436E-B63A-7F678FACF5AC}.Release|x64.Build.0 = Release|x64
		{0220FAAA-7CAC-436E-B63A-7F678FACF5AC}.Release|x86.ActiveCfg = Release|Win32
		{0220FAAA-7CAC-436E-B63A-7F678FACF5AC}.Release|x86.Build.0 = Release|Win32
		{89C67271-66BE-447E-84E2-4BFDC25FB162}.Debug|x64.ActiveCfg = Debug|x64
		{89C67271-66BE-447E-84E2-4BFDC25FB162}.Debug|x64.Build.0 = Debug|x64
		{89C67271-66BE-447E-84E2-4BFDC25FB162}.Debug|x86.ActiveCfg = Debug|Win32
		{89C67271-66BE-447E-84E2-4BFDC25FB162}.Debug|x86.Build.0 = Debug|Win32
		{89C67271-66BE-447E-84E2-4BFDC25FB162}.Release|x64.ActiveCfg = Release|x64
		{89C67271-66BE-447E-84E2-4BFDC25FB162}.Release|x64.Build.0 = Release|x64
		{89C67271-66BE-447E-84E2-4BFDC25FB162}.Release|x86.ActiveCfg = Release|Win32
		{89C67271-66BE-447E-84E2-4BFDC25FB162}.Release|x86.Build.0 = Release|Win32
		{E54AAF1E-1753-4E09-BC48-3E693D232CEB}.Debug|x64.ActiveCfg = Debug|x64
		{E54AAF1E-1753-4E09-BC48-3E693D232CEB}.Debug|x64.Build.0 = Debug|x64
		{E54AAF1E-1753-4E09-BC48-3E693D232CEB}.Debug|x86.ActiveCfg = Debug|Win32
		{E54AAF1E-1753-4E09-BC48-3E693D232CEB}.Debug|x86.Build.0 = Debug|Win32
		{E54AAF1E-1753-4E09-BC48-3E693D232CEB}.Release|x64.ActiveCfg = Release|x64
		{E54AAF1E-1753-4E09-BC48-3E693D232CEB}.Release|x64.Build.0 = Release|x64
		{E54AAF1E-1753-4E09-BC48-3E693D232CEB}.Release|x86.ActiveCfg = Release|Win32
		{E54AAF1E-1753-4E09-BC48-3E693D232CEB}.Release|x86.Build.0 = Release|Win32
		{8264786A-D233-47C0-B52B-FC9809F05167}.Debug|x64.ActiveCfg = Debug|x64
		{8264786A-D233-47C0-B52B-FC9809F05167}.Debug|x64.Build.0 = Debug|x64
		{8264786A-D233-47C0-B52B-FC9809F05167}.Debug|x86.ActiveCfg = Debug|Win32
		{8264786A-D233-47C0-B52B-FC9809F05167}.Debug|x86.Build.0 = Debug|Win32
		{8264786A-D233-47C0-B52B-FC9809F05167}.Release|x64.ActiveCfg = Release|x64
		{8264786A-D233-47C0-B52B-FC9809F05167}.Release|x64.Build.0 = Release|x64
		{8264786A-D233-47C0-B52B-FC9809F05167}.Release|x86.ActiveCfg = Release|Win32
		{8264786A-D233-47C0-B52B-FC9809F05167}.Release|x86.Build.0 = Release|Win32
		{6AC4AA6D-B332-40C0-87C4-DCC5CE9A7159}.Debug|x64.ActiveCfg = Debug|x64
		{6AC4AA6D-B332-40C0-87C4-DCC5CE9A7159}.Debug|x64.Build.0 = Debug|x64
		{6AC4AA6D-B332-40C0-87C4-DCC5CE9A7159}.Debug|x86.ActiveCfg = Debug|Win32
		{6AC4AA6D-B332-40C0-87C4-DCC5CE9A7159}.Debug|x86.Build.0 = Debug|Win32
		{6AC4AA6D-B332-40C0-87C4-DCC5CE9A7159}.Release|x64.ActiveCfg = Release|x64
		{6AC4AA6D-B332-40C0-87C4-DCC5CE9A7159}.Release|x64.Build.0 = Release|x64
		{6AC4AA6D-B332-40C0-87C4-DCC5CE9A7159}.Release|x86.ActiveCfg = Release|Win32
		{6AC4AA6D-B332-40C0-87C4-DCC5CE9A7159}.Release|x86.Build.0 = Release|Win32
		{41116C57-661C-467C-9F40-DC09891C0FF0}.Debug|x64.ActiveCfg = Debug|x64
		{41116C57-661C-467C-9F40-DC09891C0FF0}.Debug|x64.Build.0 = Debug|x64
		{41116C57-661C-467C-9F40-DC09891C0FF0}.Debug|x86.ActiveCfg = Debug|Win32
		{41116C57-661C-467C-9F40-DC09891C0FF0}.Debug|x86.Build.0 = Debug|Win32
		{41116C57-661C-467C-9F40-DC09891C0FF0}.Release|x64.ActiveCfg = Release|x64
		{41116C57-661C-467C-9F40-DC09891C0FF0}.Release|x64.Build.0 = Release|x64
		{41116C57-661C-467C-9F40-DC09891C0FF0}.Release|x86.ActiveCfg = Release|Win32
		{41116C57-661C-467C-9F40-DC09891C0FF0}.Release|x86.Build.0 = Release|Win32
		{C4926B5F-3EB4-4D2D-BC83-6CE75110E8FD}.Debug|x64.ActiveCfg = Debug|x64
		{C4926B5F-3EB4-4D2D-BC83-6CE75110E8FD}.Debug|x64.Build.0 = Debug|x64
		{C4926B5F-3EB4-4D2D-BC83-6CE75110E8FD}.Debug|x86.ActiveCfg = Debug|Win32
		{C4926B5F-3EB4-4D2D-BC83-6CE75110E8FD}.Debug|x86.Build.0 = Debug|Win32
		{C4926B5F-3EB4-4D2D-BC83-6CE75110E8FD}.Release|x64.ActiveCfg = Release|x64
		{C4926B5F-3EB4-4D2D-BC83-6CE75110E8FD}.Release|x64.Build.0 = Release|x64
		{C4926B5F-3EB4-4D2D-BC83-6CE75110E8FD}.Release|x86.ActiveCfg = Release|Win32
		{C4926B5F-3EB4-4D2D-BC83-6CE75110E8FD}.Release|x86.Build.0 = Release|Win32
		{F9F1B7AB-BDFB-46D5-8391-832B7BA988F4}.Debug|x64.ActiveCfg = Debug|x64
		{F9F1B7AB-BDFB-46D5-8391-832B7BA988F4}.Debug|x64.Build.0 = Debug|x64
		{F9F1B7AB-BDFB-46D5-8391-832B7BA988F4}.Debug|x86.ActiveCfg = Debug|Win32
		{F9F1B7AB-BDFB-46D5-8391-832B7BA988F4}.Debug|x86.Build.0 = Debug|Win32
		{F9F1B7AB-BDFB-46D5-8391-832B7BA988F4}.Release|x64.ActiveCfg = Release|x64
		{F9F1B7AB-BDFB-46D5-8391-832B7BA988F4}.Release|x64.Build.0 = Release|x64
		{F9F1B7AB-BDFB-46D5-8391-832B7BA988F4}.Release|x86.ActiveCfg = Release|Win32
		{F9F1B7AB-BDFB-46D5-8391-832B7BA988F4}.Release|x86.Build.0 = Release|Win32
		{37DCE73D-1AAC-4483-8623-1B33D80AE17B}.Debug|x64.ActiveCfg = Debug|x64
		{37DCE73D-1AAC-4483-8623-1B33D80AE17B}.Debug|x64.Build.0 = Debug|x64
		{37DCE73D-1AAC-4483-8623-1B33D80AE17B}.Debug|x86.ActiveCfg = Debug|Win32
		{37DCE73D-1AAC-4483-8623-1B33D80AE17B}.Debug|x86.Build.0 = Debug|Win32
		{37DCE73D-1AAC-4483-8623-1B33D80AE17B}.Release|x64.ActiveCfg = Release|x64
		{37DCE73D-1AAC-4483-8623-1B33D80AE17B}.Release|x64.Build.0 = Release|x64
		{37DCE73D-1AAC-4483-8623-1B33D80AE17B}.Release|x86.ActiveCfg = Release|Win32
		{37DCE73D-1AAC-4483-8623-1B33D80AE17B}.Release|x86.Build.0 = Release|Win32
		{B245D090-574A-47A5-8E9C-34003AEB3458}.Debug|x64.ActiveCfg = Debug|x64
		{B245D090-574A-47A5-8E9C-34003AEB3458}.Debug|x64.Build.0 = Debug|x64
		{B245D090-574A-47A5-8E9C-34003AEB3458}.Debug|x86.ActiveCfg = Debug|Win32
		{B245D090-574A-47A5-8E9C-34003AEB3458}.Debug|x86.Build.0 = Debug|Win32
		{B245D090-574A-47A5-8E9C-34003AEB3458}.Release|x64.ActiveCfg = Release|x64
		{B245D090-574A-47A5-8E9C-34003AEB3458}.Release|x64.Build.0 = Release|x64
		{B245D090-574A-47A5-8E9C-34003AEB3458}.Release|x86.ActiveCfg = Release|Win32
		{B245D090-574A-47A5-8E9C-34003AEB3458}.Release|x86.Build.0 = Release|Win32
		{272FD9D2-A3DA-4831-A3CE-4DA45E405EEB}.Debug|x64.ActiveCfg = Debug|x64
		{272FD9D2-A3DA-4831-A3CE-4DA45E405EEB}.Debug|x64.Build.0 = Debug|x64
		{272FD9D2-A3DA-4831-A3CE-4DA45E405EEB}.Debug|x86.ActiveCfg = Debug|Win32
		{272FD9D2-A3DA-4831-A3CE-4DA45E405EEB}.Debug|x86.Build.0 = Debug|Win32
		{272FD9D2-A3DA-4831-A3CE-4DA45E405EEB}.Release|x64.ActiveCfg = Release|x64
		{272FD9D2-A3DA-4831-A3CE-4DA45E405EEB}.Release|x64.Build.0 = Release|x64
		{272FD9D2-A3DA-4831-A3CE-4DA45E405EEB}.Release|x86.ActiveCfg = Release|Win32
		{272FD9D2-A3DA-4831-A3CE-4DA45E405EEB}.Release|x86.Build.0 = Release|Win32
		{42B7AEB6-18AB-4F65-8AF9-A8022B941CC0}.Debug|x64.ActiveCfg = Debug|x64
		{42B7AEB6-18AB-4F65-8AF9-A8022B941CC0}.Debug|x64.Build.0 = Debug|x64
		{42B7AEB6-18AB-4F65-8AF9-A8022B941CC0}.Debug|x86.ActiveCfg = Debug|Win32
		{42B7AEB6-18AB-4F65-8AF9-A8022B941CC0}.Debug|x86.Build.0 = Debug|Win32
		{42B7AEB6-18AB-4F65-8AF9-A8022B941CC0}.Release|x64.ActiveCfg = Release|x64
		{42B7AEB6-18AB-4F65-8AF9-A8022B941CC0}.Release|x64.Build.0 = Release|x64
		{42B7AEB6-18AB-4F65-8AF9-A8022B941CC0}.Release|x86.ActiveCfg = Release|Win32
		{42B7AEB6-18AB-4F65-8AF9-A8022B941CC0}.Release|x86.Build.0 = Release|Win32
		{7B155C20-B1EF-4052-899A-061D74811723}.Debug|x64.ActiveCfg = Debug|x64
		{7B155C20-B1EF-4052-899A-061D74811723}.Debug|x64.Build.0 = Debug|x64
		{7B155C20-B1EF-4052-899A-061D74811723}.Debug|x86.ActiveCfg = Debug|Win32
		{7B155C20-B1EF-4052-899A-061D74811723}.Debug|x86.Build.0 = Debug|Win32
		{7B155C20-B1EF-4052-899A-061D74811723}.Release|x64.ActiveCfg = Release|x64
		{7B155C20-B1EF-4052-899A-061D74811723}.Release|x64.Build.0 = Release|x64
		{7B155C20-B1EF-4052-899A-061D74811723}.Release|x86.ActiveCfg = Release|Win32
		{7B155C20-B1EF-4052-899A-061D74811723}.Release|x86.Build.0 = Release|Win32
	EndGlobalSection
	GlobalSection(SolutionProperties) = preSolution
		HideSolutionNode = FALSE
	EndGlobalSection
	GlobalSection(NestedProjects) = preSolution
		{F9F1B7AB-BDFB-46D5-8391-832B7BA988F4} = {245B09B4-A7E1-4A79-9E3E-78B312AA326D}
		{37DCE73D-1AAC-4483-8623-1B33D80AE17B} = {245B09B4-A7E1-4A79-9E3E-78B312AA326D}
		{272FD9D2-A3DA-4831-A3CE-4DA45E405EEB} = {96D088C8-91D7-41A3-9C72-363944D93A52}
		{42B7AEB6-18AB-4F65-8AF9-A8022B941CC0} = {96D088C8-91D7-41A3-9C72-363944D93A52}
		{7B155C20-B1EF-4052-899A-061D74811723} = {96D088C8-91D7-41A3-9C72-363944D93A52}
	EndGlobalSection
	GlobalSection(ExtensibilityGlobals) = postSolution
		SolutionGuid = {01C53736-3121-4530-B5D9-55E0EF7CD98D}
	EndGlobalSection
EndGlobal
